{
  "nodes": {
    "enki": {
      "inputs": {
        "flake-utils": "flake-utils",
        "nixpkgs": "nixpkgs",
        "reaver": "reaver",
        "treefmt-nix": "treefmt-nix"
      },
      "locked": {
        "lastModified": 1783115352,
        "narHash": "sha256-cJYBouept1CEdwOEj7aDc1nl2hgH9fFhcpZeH7IzVaw=",
        "owner": "axsys-org",
        "repo": "enki",
        "rev": "01e3d043fe0d322c7d5e65225ce0d2b1db1a0091",
        "type": "github"
      },
      "original": {
        "owner": "axsys-org",
        "ref": "main",
        "repo": "enki",
        "type": "github"
      }
    },
    "flake-utils": {
      "inputs": {
        "systems": "systems"
      },
      "locked": {
        "lastModified": 1731533236,
        "narHash": "sha256-l0KFg5HjrsfsO/JpG+r7fRrqm12kzFHyUHqHCVpMMbI=",
        "owner": "numtide",
        "repo": "flake-utils",
        "rev": "11707dc2f618dd54ca8739b309ec4fc024de578b",
        "type": "github"
      },
      "original": {
        "owner": "numtide",
        "repo": "flake-utils",
        "type": "github"
      }
    },
    "nixpkgs": {
      "locked": {
        "lastModified": 1782723713,
        "narHash": "sha256-oPXCU/SSUokcGaJREHibG1CBX3+s/W7orDWQOZDsEeQ=",
        "owner": "NixOS",
        "repo": "nixpkgs",
        "rev": "b5aa0fbd538984f6e3d201be0005b4463d8b09f8",
        "type": "github"
      },
      "original": {
        "owner": "NixOS",
        "ref": "nixos-unstable",
        "repo": "nixpkgs",
        "type": "github"
      }
    },
    "nixpkgs_2": {
      "locked": {
        "lastModified": 1770107345,
        "narHash": "sha256-tbS0Ebx2PiA1FRW8mt8oejR0qMXmziJmPaU1d4kYY9g=",
        "owner": "nixos",
        "repo": "nixpkgs",
        "rev": "4533d9293756b63904b7238acb84ac8fe4c8c2c4",
        "type": "github"
      },
      "original": {
        "owner": "nixos",
        "ref": "nixpkgs-unstable",
        "repo": "nixpkgs",
        "type": "github"
      }
    },
    "nixpkgs_3": {
      "locked": {
        "lastModified": 1782847189,
        "narHash": "sha256-twXPFqFsrrY5r28Zh7Homgcp2gUMBgQ6WDS98Q/3xFI=",
        "owner": "nixos",
        "repo": "nixpkgs",
        "rev": "b6018f87da91d19d0ab4cf979885689b469cdd41",
        "type": "github"
      },
      "original": {
        "owner": "nixos",
        "ref": "nixos-25.11",
        "repo": "nixpkgs",
        "type": "github"
      }
    },
    "reaver": {
      "flake": false,
      "locked": {
        "lastModified": 1783017468,
        "narHash": "sha256-nUnKVb0Hm5rumOFAbZ/2luuRV8c6RoU6XMpxcCXE44E=",
        "owner": "axsys-org",
        "repo": "shrine-plan",
        "rev": "5ff11855d038e87fc00dfcd3b2db9f87b238b5f0",
        "type": "github"
      },
      "original": {
        "owner": "axsys-org",
        "ref": "lf/bytecode",
        "repo": "shrine-plan",
        "type": "github"
      }
    },
    "rex": {
      "flake": false,
      "locked": {
        "lastModified": 1775699121,
        "narHash": "sha256-dbJRqibTzH+CrRaqaDO5p3ZxQ3cvi3Gy8xUPcOo+3fg=",
        "owner": "liam-fitzgerald",
        "repo": "rex",
        "rev": "6df2a8916d636f1314deacc3ca89b4383b0eba3e",
        "type": "github"
      },
      "original": {
        "owner": "liam-fitzgerald",
        "ref": "lf/remove-quip-poems",
        "repo": "rex",
        "type": "github"
      }
    },
    "root": {
      "inputs": {
        "enki": "enki",
        "nixpkgs": "nixpkgs_3",
        "rex": "rex"
      }
    },
    "systems": {
      "locked": {
        "lastModified": 1681028828,
        "narHash": "sha256-Vy1rq5AaRuLzOxct8nz4T6wlgyUR7zLU309k9mBC768=",
        "owner": "nix-systems",
        "repo": "default",
        "rev": "da67096a3b9bf56a91d16901293e51ba5b49a27e",
        "type": "github"
      },
      "original": {
        "owner": "nix-systems",
        "repo": "default",
        "type": "github"
      }
    },
    "treefmt-nix": {
      "inputs": {
        "nixpkgs": "nixpkgs_2"
      },
      "locked": {
        "lastModified": 1780220602,
        "narHash": "sha256-eynAfOmbmxJnkp7YewvCEbShNnnYJ9gLLqkzsYtBPeM=",
        "owner": "numtide",
        "repo": "treefmt-nix",
        "rev": "db947814a175b7ca6ded66e21383d938df01c227",
        "type": "github"
      },
      "original": {
        "owner": "numtide",
        "repo": "treefmt-nix",
        "type": "github"
      }
    }
  },
  "root": "root",
  "version": 7
}
