{
  "nodes": {
    "enki": {
      "inputs": {
        "flake-utils": "flake-utils",
        "nixpkgs": "nixpkgs",
        "reaver": "reaver",
        "treefmt-nix": "treefmt-nix"
      },
      "locked": {
        "lastModified": 1785947913,
        "narHash": "sha256-qDyGaUuYtUFioGH5VHA2r55Ioq0/Cz8D0XwH/K9rcQ4=",
        "owner": "axsys-org",
        "repo": "enki",
        "rev": "16e4cdcb9e2f799ae51edbbf54c295782602de0f",
        "type": "github"
      },
      "original": {
        "owner": "axsys-org",
        "ref": "main",
        "repo": "enki",
        "type": "github"
      }
    },
    "flake-utils": {
      "inputs": {
        "systems": "systems"
      },
      "locked": {
        "lastModified": 1731533236,
        "narHash": "sha256-l0KFg5HjrsfsO/JpG+r7fRrqm12kzFHyUHqHCVpMMbI=",
        "owner": "numtide",
        "repo": "flake-utils",
        "rev": "11707dc2f618dd54ca8739b309ec4fc024de578b",
        "type": "github"
      },
      "original": {
        "owner": "numtide",
        "repo": "flake-utils",
        "type": "github"
      }
    },
    "nixpkgs": {
      "locked": {
        "lastModified": 1784007870,
        "narHash": "sha256-djcLt/JJphyNt4eDY9XTly+/WbCK5lqWq9lSgCmJkkQ=",
        "owner": "NixOS",
        "repo": "nixpkgs",
        "rev": "18b9261cb3294b6d2a06d03f96872827b8fe2698",
        "type": "github"
      },
      "original": {
        "owner": "NixOS",
        "ref": "nixos-unstable",
        "repo": "nixpkgs",
        "type": "github"
      }
    },
    "nixpkgs_2": {
      "locked": {
        "lastModified": 1782847189,
        "narHash": "sha256-twXPFqFsrrY5r28Zh7Homgcp2gUMBgQ6WDS98Q/3xFI=",
        "owner": "nixos",
        "repo": "nixpkgs",
        "rev": "b6018f87da91d19d0ab4cf979885689b469cdd41",
        "type": "github"
      },
      "original": {
        "owner": "nixos",
        "ref": "nixos-25.11",
        "repo": "nixpkgs",
        "type": "github"
      }
    },
    "reaver": {
      "flake": false,
      "locked": {
        "lastModified": 1784049907,
        "narHash": "sha256-o2S8YMTH6hlTsV0yQZ1fl0qavLsodm4HNFuQdIkDRyM=",
        "owner": "axsys-org",
        "repo": "shrine-plan",
        "rev": "ba8744ce27409d198646727c2388ad3d366d1d23",
        "type": "github"
      },
      "original": {
        "owner": "axsys-org",
        "ref": "lf/fix-silo",
        "repo": "shrine-plan",
        "type": "github"
      }
    },
    "rex": {
      "flake": false,
      "locked": {
        "lastModified": 1775699121,
        "narHash": "sha256-dbJRqibTzH+CrRaqaDO5p3ZxQ3cvi3Gy8xUPcOo+3fg=",
        "owner": "liam-fitzgerald",
        "repo": "rex",
        "rev": "6df2a8916d636f1314deacc3ca89b4383b0eba3e",
        "type": "github"
      },
      "original": {
        "owner": "liam-fitzgerald",
        "ref": "lf/remove-quip-poems",
        "repo": "rex",
        "type": "github"
      }
    },
    "root": {
      "inputs": {
        "enki": "enki",
        "nixpkgs": "nixpkgs_2",
        "rex": "rex"
      }
    },
    "systems": {
      "locked": {
        "lastModified": 1681028828,
        "narHash": "sha256-Vy1rq5AaRuLzOxct8nz4T6wlgyUR7zLU309k9mBC768=",
        "owner": "nix-systems",
        "repo": "default",
        "rev": "da67096a3b9bf56a91d16901293e51ba5b49a27e",
        "type": "github"
      },
      "original": {
        "owner": "nix-systems",
        "repo": "default",
        "type": "github"
      }
    },
    "treefmt-nix": {
      "inputs": {
        "nixpkgs": [
          "enki",
          "nixpkgs"
        ]
      },
      "locked": {
        "lastModified": 1780220602,
        "narHash": "sha256-eynAfOmbmxJnkp7YewvCEbShNnnYJ9gLLqkzsYtBPeM=",
        "owner": "numtide",
        "repo": "treefmt-nix",
        "rev": "db947814a175b7ca6ded66e21383d938df01c227",
        "type": "github"
      },
      "original": {
        "owner": "numtide",
        "repo": "treefmt-nix",
        "type": "github"
      }
    }
  },
  "root": "root",
  "version": 7
}
