{
  "nodes": {
    "nixpkgs": {
      "locked": {
        "lastModified": 1782847189,
        "narHash": "sha256-twXPFqFsrrY5r28Zh7Homgcp2gUMBgQ6WDS98Q/3xFI=",
        "owner": "nixos",
        "repo": "nixpkgs",
        "rev": "b6018f87da91d19d0ab4cf979885689b469cdd41",
        "type": "github"
      },
      "original": {
        "owner": "nixos",
        "ref": "nixos-25.11",
        "repo": "nixpkgs",
        "type": "github"
      }
    },
    "rex": {
      "flake": false,
      "locked": {
        "lastModified": 1787419912,
        "narHash": "sha256-jU548emRTCMMJPNnB1ofAx0SP/rKLxT8KFM+dXGmhp4=",
        "owner": "sol-plunder",
        "repo": "rex",
        "rev": "609b1ad3e727f07eb117a6329730099f451a51ec",
        "type": "github"
      },
      "original": {
        "owner": "sol-plunder",
        "repo": "rex",
        "type": "github"
      }
    },
    "root": {
      "inputs": {
        "nixpkgs": "nixpkgs",
        "rex": "rex"
      }
    }
  },
  "root": "root",
  "version": 7
}
