{
  "nodes": {
    "mash": {
      "inputs": {
        "nixpkgs": [
          "nixpkgs"
        ]
      },
      "locked": {
        "allRefs": true,
        "lastModified": 1789754953,
        "narHash": "sha256-Q/st3YgjiXpLJ/w+nd2oBDI0KUbp9CejcVthRatP6Ts=",
        "ref": "refs/heads/main",
        "rev": "12e5f9345d9745cb75cab4f58e39aa33da83e14e",
        "revCount": 177,
        "type": "git",
        "url": "https://github.com/axsys-org/mash.git"
      },
      "original": {
        "allRefs": true,
        "rev": "12e5f9345d9745cb75cab4f58e39aa33da83e14e",
        "type": "git",
        "url": "https://github.com/axsys-org/mash.git"
      }
    },
    "nixpkgs_2": {
      "locked": {
        "lastModified": 1782847189,
        "narHash": "sha256-twXPFqFsrrY5r28Zh7Homgcp2gUMBgQ6WDS98Q/3xFI=",
        "owner": "nixos",
        "repo": "nixpkgs",
        "rev": "b6018f87da91d19d0ab4cf979885689b469cdd41",
        "type": "github"
      },
      "original": {
        "owner": "nixos",
        "ref": "nixos-25.11",
        "repo": "nixpkgs",
        "type": "github"
      }
    },
    "root": {
      "inputs": {
        "mash": "mash",
        "nixpkgs": "nixpkgs_2"
      }
    }
  },
  "root": "root",
  "version": 7
}
